
Microsoft Visual Studio Solution File, Format Version 12.00
Project("{2150E333-8FDC-42A3-9474-1A3956D46DE8}") = "src", "src", "{266891D3-1110-40FD-9EF2-2A9EDCAEAD85}"
EndProject
Project("{2150E333-8FDC-42A3-9474-1A3956D46DE8}") = "test", "test", "{947DDBB6-8FC1-4540-A5F9-C3C8EF35E96F}"
EndProject
Project("{FAE04EC0-301F-11D3-BF4B-00C04F79EFBC}") = "Bookify.Domain", "Bookify.Domain\Bookify.Domain.csproj", "{FAD9D949-8C3B-4DF8-A8C6-7B45864EB727}"
EndProject
Project("{FAE04EC0-301F-11D3-BF4B-00C04F79EFBC}") = "Bookify.Application", "Bookify.Application\Bookify.Application.csproj", "{66E5D212-A59C-49CB-8E03-508762457F6E}"
EndProject
Project("{FAE04EC0-301F-11D3-BF4B-00C04F79EFBC}") = "Bookify.infrastructure", "Bookify.infrastructure\Bookify.infrastructure.csproj", "{716B62CA-4886-4D93-B878-4D2DA4084904}"
EndProject
Project("{FAE04EC0-301F-11D3-BF4B-00C04F79EFBC}") = "Bookify.Api", "Bookify.Api\Bookify.Api.csproj", "{13DCD236-0E9A-4A1A-8339-311A31D28DA2}"
EndProject
Global
	GlobalSection(SolutionConfigurationPlatforms) = preSolution
		Debug|Any CPU = Debug|Any CPU
		Release|Any CPU = Release|Any CPU
	EndGlobalSection
	GlobalSection(NestedProjects) = preSolution
		{FAD9D949-8C3B-4DF8-A8C6-7B45864EB727} = {266891D3-1110-40FD-9EF2-2A9EDCAEAD85}
		{66E5D212-A59C-49CB-8E03-508762457F6E} = {266891D3-1110-40FD-9EF2-2A9EDCAEAD85}
		{716B62CA-4886-4D93-B878-4D2DA4084904} = {266891D3-1110-40FD-9EF2-2A9EDCAEAD85}
		{13DCD236-0E9A-4A1A-8339-311A31D28DA2} = {266891D3-1110-40FD-9EF2-2A9EDCAEAD85}
	EndGlobalSection
	GlobalSection(ProjectConfigurationPlatforms) = postSolution
		{FAD9D949-8C3B-4DF8-A8C6-7B45864EB727}.Debug|Any CPU.ActiveCfg = Debug|Any CPU
		{FAD9D949-8C3B-4DF8-A8C6-7B45864EB727}.Debug|Any CPU.Build.0 = Debug|Any CPU
		{FAD9D949-8C3B-4DF8-A8C6-7B45864EB727}.Release|Any CPU.ActiveCfg = Release|Any CPU
		{FAD9D949-8C3B-4DF8-A8C6-7B45864EB727}.Release|Any CPU.Build.0 = Release|Any CPU
		{66E5D212-A59C-49CB-8E03-508762457F6E}.Debug|Any CPU.ActiveCfg = Debug|Any CPU
		{66E5D212-A59C-49CB-8E03-508762457F6E}.Debug|Any CPU.Build.0 = Debug|Any CPU
		{66E5D212-A59C-49CB-8E03-508762457F6E}.Release|Any CPU.ActiveCfg = Release|Any CPU
		{66E5D212-A59C-49CB-8E03-508762457F6E}.Release|Any CPU.Build.0 = Release|Any CPU
		{716B62CA-4886-4D93-B878-4D2DA4084904}.Debug|Any CPU.ActiveCfg = Debug|Any CPU
		{716B62CA-4886-4D93-B878-4D2DA4084904}.Debug|Any CPU.Build.0 = Debug|Any CPU
		{716B62CA-4886-4D93-B878-4D2DA4084904}.Release|Any CPU.ActiveCfg = Release|Any CPU
		{716B62CA-4886-4D93-B878-4D2DA4084904}.Release|Any CPU.Build.0 = Release|Any CPU
		{13DCD236-0E9A-4A1A-8339-311A31D28DA2}.Debug|Any CPU.ActiveCfg = Debug|Any CPU
		{13DCD236-0E9A-4A1A-8339-311A31D28DA2}.Debug|Any CPU.Build.0 = Debug|Any CPU
		{13DCD236-0E9A-4A1A-8339-311A31D28DA2}.Release|Any CPU.ActiveCfg = Release|Any CPU
		{13DCD236-0E9A-4A1A-8339-311A31D28DA2}.Release|Any CPU.Build.0 = Release|Any CPU
	EndGlobalSection
EndGlobal
